
Microsoft Visual Studio Solution File, Format Version 12.00
# Visual Studio 2012
Project("{FAE04EC0-301F-11D3-BF4B-00C04F79EFBC}") = "bucket-cleaner", "bucket-cleaner.csproj", "{DA53B166-D120-4768-ACD2-3F82DC105880}"
EndProject
Global
	GlobalSection(SolutionConfigurationPlatforms) = preSolution
		Debug|x86 = Debug|x86
		Release|x86 = Release|x86
	EndGlobalSection
	GlobalSection(ProjectConfigurationPlatforms) = postSolution
		{DA53B166-D120-4768-ACD2-3F82DC105880}.Debug|x86.ActiveCfg = Debug|x86
		{DA53B166-D120-4768-ACD2-3F82DC105880}.Debug|x86.Build.0 = Debug|x86
		{DA53B166-D120-4768-ACD2-3F82DC105880}.Release|x86.ActiveCfg = Release|x86
		{DA53B166-D120-4768-ACD2-3F82DC105880}.Release|x86.Build.0 = Release|x86
	EndGlobalSection
	GlobalSection(MonoDevelopProperties) = preSolution
		StartupItem = bucket-cleaner.csproj
	EndGlobalSection
EndGlobal
